{
  "name": "system-one-tools",
  "version": "0.1.0",
  "lockfileVersion": 3,
  "requires": true,
  "packages": {
    "": {
      "name": "system-one-tools",
      "version": "0.1.0",
      "workspaces": [
        "packages/*"
      ],
      "devDependencies": {
        "@types/node": "^22.0.0",
        "typescript": "^5.9.3"
      }
    },
    "node_modules/@cartwmic/pi-system-one": {
      "resolved": "packages/pi-system-one",
      "link": true
    },
    "node_modules/@cartwmic/system-one-cli": {
      "resolved": "packages/system-one-cli",
      "link": true
    },
    "node_modules/@cartwmic/system-one-connections": {
      "resolved": "packages/system-one-connections",
      "link": true
    },
    "node_modules/@system-one-ai/adapter-system-one": {
      "version": "0.6.0",
      "resolved": "https://registry.npmjs.org/@system-one-ai/adapter-system-one/-/adapter-system-one-0.6.0.tgz",
      "integrity": "sha512-oFJbo+W+zSc9vpHSLY9laT7/b7w4lkv8VKo3InHK0YS/kA/oiHBtTE7Mjv62SOOUj3HVBYOXsXfctEz6sSfeIg==",
      "license": "MIT",
      "dependencies": {
        "@system-one-ai/core": "^0.6.0",
        "@system-one-ai/protocol-system-one": "^0.6.0"
      },
      "engines": {
        "node": ">=20"
      }
    },
    "node_modules/@system-one-ai/core": {
      "version": "0.6.0",
      "resolved": "https://registry.npmjs.org/@system-one-ai/core/-/core-0.6.0.tgz",
      "integrity": "sha512-9x1sxzYM0L2Y/HSL6PHGPigOXlWchGjDj74jdCU/kNDLHTCoOkceqhLRihKJxXGMal8app7U1EEOtdf8+V33Ow==",
      "license": "MIT",
      "engines": {
        "node": ">=20"
      }
    },
    "node_modules/@system-one-ai/protocol-system-one": {
      "version": "0.6.0",
      "resolved": "https://registry.npmjs.org/@system-one-ai/protocol-system-one/-/protocol-system-one-0.6.0.tgz",
      "integrity": "sha512-uyiI/YQig2wFryZpWNzMF67s/p49dUvkfwe4cmGokT35LwjiFSV2mJgNxA8QXW90NX1jsE1bYFEbvRaIrc8g8w==",
      "license": "MIT",
      "dependencies": {
        "@system-one-ai/core": "^0.6.0"
      },
      "engines": {
        "node": ">=20"
      }
    },
    "node_modules/@system-one-ai/transport-fetch": {
      "version": "0.6.0",
      "resolved": "https://registry.npmjs.org/@system-one-ai/transport-fetch/-/transport-fetch-0.6.0.tgz",
      "integrity": "sha512-VB2Yz5obyQbiWIBb1p8Mj/Kjb6DsWuQBjymtgvjGwyq3k2c9jAaMONb7lOda5AA00M78PDuKwT5vUb2Df1oGrg==",
      "license": "MIT",
      "dependencies": {
        "@system-one-ai/core": "^0.6.0"
      },
      "engines": {
        "node": ">=20"
      }
    },
    "node_modules/@types/node": {
      "version": "22.20.4",
      "resolved": "https://registry.npmjs.org/@types/node/-/node-22.20.4.tgz",
      "integrity": "sha512-zJRE40jpHtKqE/C4fgHrAKQLJuSpzEnP9ff9Y7YtoR3Wd2pwqzlekDeEuUQXjRd+QCYnVnNwuJYmhdk9XV8gvA==",
      "dev": true,
      "license": "MIT",
      "dependencies": {
        "undici-types": "~6.21.0"
      }
    },
    "node_modules/typescript": {
      "version": "5.9.3",
      "resolved": "https://registry.npmjs.org/typescript/-/typescript-5.9.3.tgz",
      "integrity": "sha512-jl1vZzPDinLr9eUt3J/t7V6FgNEw9QjvBPdysz9KfQDD41fQrC2Y4vKQdiaUpFT4bXlb1RHhLpp8wtm6M5TgSw==",
      "dev": true,
      "license": "Apache-2.0",
      "bin": {
        "tsc": "bin/tsc",
        "tsserver": "bin/tsserver"
      },
      "engines": {
        "node": ">=14.17"
      }
    },
    "node_modules/undici-types": {
      "version": "6.21.0",
      "resolved": "https://registry.npmjs.org/undici-types/-/undici-types-6.21.0.tgz",
      "integrity": "sha512-iwDZqg0QAGrg9Rav5H4n0M64c3mkR59cJ6wQp+7C4nI0gsmExaedaYLNO44eT4AtBBwjbTiGPMlt2Md0T9H9JQ==",
      "dev": true,
      "license": "MIT"
    },
    "packages/pi-system-one": {
      "name": "@cartwmic/pi-system-one",
      "version": "0.1.0",
      "license": "UNLICENSED",
      "dependencies": {
        "@cartwmic/system-one-connections": "^0.1.0"
      },
      "engines": {
        "node": ">=22.19"
      },
      "peerDependencies": {
        "@earendil-works/pi-coding-agent": "*",
        "typebox": "*"
      },
      "peerDependenciesMeta": {
        "@earendil-works/pi-coding-agent": {
          "optional": true
        },
        "typebox": {
          "optional": true
        }
      }
    },
    "packages/system-one-cli": {
      "name": "@cartwmic/system-one-cli",
      "version": "0.1.0",
      "license": "UNLICENSED",
      "dependencies": {
        "@cartwmic/system-one-connections": "^0.1.0"
      },
      "bin": {
        "system-one": "dist/cli.js"
      },
      "engines": {
        "node": ">=20"
      }
    },
    "packages/system-one-connections": {
      "name": "@cartwmic/system-one-connections",
      "version": "0.1.0",
      "license": "UNLICENSED",
      "dependencies": {
        "@system-one-ai/adapter-system-one": "0.6.0",
        "@system-one-ai/core": "0.6.0",
        "@system-one-ai/transport-fetch": "0.6.0"
      },
      "engines": {
        "node": ">=20"
      }
    }
  }
}
